
Microsoft Visual Studio Solution File, Format Version 12.00
# Visual Studio 2013
VisualStudioVersion = 12.0.31101.0
MinimumVisualStudioVersion = 10.0.40219.1
Project("{FAE04EC0-301F-11D3-BF4B-00C04F79EFBC}") = "WebApplicationWithInternallyScheduledWebJobs", "WebApplicationWithInternallyScheduledWebJobs\WebApplicationWithInternallyScheduledWebJobs.csproj", "{B8A35A04-9375-45D3-AAD5-DFA529297DDD}"
EndProject
Global
	GlobalSection(SolutionConfigurationPlatforms) = preSolution
		Debug|Any CPU = Debug|Any CPU
		Release|Any CPU = Release|Any CPU
	EndGlobalSection
	GlobalSection(ProjectConfigurationPlatforms) = postSolution
		{B8A35A04-9375-45D3-AAD5-DFA529297DDD}.Debug|Any CPU.ActiveCfg = Debug|Any CPU
		{B8A35A04-9375-45D3-AAD5-DFA529297DDD}.Debug|Any CPU.Build.0 = Debug|Any CPU
		{B8A35A04-9375-45D3-AAD5-DFA529297DDD}.Release|Any CPU.ActiveCfg = Release|Any CPU
		{B8A35A04-9375-45D3-AAD5-DFA529297DDD}.Release|Any CPU.Build.0 = Release|Any CPU
	EndGlobalSection
	GlobalSection(SolutionProperties) = preSolution
		HideSolutionNode = FALSE
	EndGlobalSection
EndGlobal
